<?xml version="1.0" encoding="utf-8"?>
<Project ToolsVersion="4.0" xmlns="http://schemas.microsoft.com/developer/msbuild/2003">
  <ItemGroup>
    <Filter Include="Source Files">
      <UniqueIdentifier>{4FC737F1-C7A5-4376-A066-2A32D752A2FF}</UniqueIdentifier>
      <Extensions>cpp;c;cc;cxx;c++;cppm;ixx;def;odl;idl;hpj;bat;asm;asmx</Extensions>
    </Filter>
    <Filter Include="Header Files">
      <UniqueIdentifier>{93995380-89BD-4b04-88EB-625FBE52EBFB}</UniqueIdentifier>
      <Extensions>h;hh;hpp;hxx;h++;hm;inl;inc;ipp;xsd</Extensions>
    </Filter>
    <Filter Include="Resource Files">
      <UniqueIdentifier>{67DA6AB6-F800-4c08-8B7A-83BB121AAD01}</UniqueIdentifier>
      <Extensions>rc;ico;cur;bmp;dlg;rc2;rct;bin;rgs;gif;jpg;jpeg;jpe;resx;tiff;tif;png;wav;mfcribbon-ms</Extensions>
    </Filter>
    <Filter Include="Header Files\differential">
      <UniqueIdentifier>{363179e3-d708-41f2-a933-e5d907f83993}</UniqueIdentifier>
    </Filter>
    <Filter Include="Header Files\matrix">
      <UniqueIdentifier>{b9f81706-9ce8-4d2c-b190-885ffc93128b}</UniqueIdentifier>
    </Filter>
    <Filter Include="Header Files\typedef">
      <UniqueIdentifier>{9cc6b9c3-4e44-4c9c-8175-d4fce12c1176}</UniqueIdentifier>
    </Filter>
    <Filter Include="Header Files\interior-point-method">
      <UniqueIdentifier>{a7b1856e-6528-4a12-a2c4-f67a7342c84a}</UniqueIdentifier>
    </Filter>
    <Filter Include="Header Files\interior-point-method\newton-method">
      <UniqueIdentifier>{2cc848ec-3b92-45c7-b7a2-5bac407e4bab}</UniqueIdentifier>
    </Filter>
    <Filter Include="Header Files\function">
      <UniqueIdentifier>{b12e61c7-c554-42e2-a576-677b4250b2f1}</UniqueIdentifier>
    </Filter>
    <Filter Include="Header Files\struct-ipm">
      <UniqueIdentifier>{d57b3572-bbde-420b-bc1f-cd86da33d2cc}</UniqueIdentifier>
    </Filter>
    <Filter Include="Header Files\helpers">
      <UniqueIdentifier>{6929b096-2de0-47c8-93d8-b14898ada20e}</UniqueIdentifier>
    </Filter>
    <Filter Include="Header Files\helpers\include">
      <UniqueIdentifier>{b4d63010-e4a9-43eb-a58e-6f26f7906f2f}</UniqueIdentifier>
    </Filter>
  </ItemGroup>
  <ItemGroup>
    <ClCompile Include="InteriorPointMethod.cpp">
      <Filter>Source Files</Filter>
    </ClCompile>
    <ClCompile Include="setup.cpp">
      <Filter>Resource Files</Filter>
    </ClCompile>
  </ItemGroup>
  <ItemGroup>
    <ClInclude Include="typedef.h">
      <Filter>Header Files\typedef</Filter>
    </ClInclude>
    <ClInclude Include="interior-point-method-all.hpp">
      <Filter>Header Files\interior-point-method</Filter>
    </ClInclude>
    <ClInclude Include="newton-method-all.hpp">
      <Filter>Header Files\interior-point-method\newton-method</Filter>
    </ClInclude>
    <ClInclude Include="struct-ipm-all.hpp">
      <Filter>Header Files\struct-ipm</Filter>
    </ClInclude>
    <ClInclude Include="function-all.hpp">
      <Filter>Header Files\function</Filter>
    </ClInclude>
    <ClInclude Include="matrix-all.hpp">
      <Filter>Header Files\matrix</Filter>
    </ClInclude>
    <ClInclude Include="differential-all.hpp">
      <Filter>Header Files\differential</Filter>
    </ClInclude>
    <ClInclude Include="pyutils-all.hpp">
      <Filter>Resource Files</Filter>
    </ClInclude>
    <ClInclude Include="helpers-all.hpp">
      <Filter>Header Files\helpers</Filter>
    </ClInclude>
    <ClInclude Include="json.hpp">
      <Filter>Header Files\helpers\include</Filter>
    </ClInclude>
  </ItemGroup>
  <ItemGroup>
    <None Include="setup.py">
      <Filter>Resource Files</Filter>
    </None>
    <None Include="example.json">
      <Filter>Header Files\helpers</Filter>
    </None>
    <None Include="problems_goal_01-16-2023_03-38-09.json">
      <Filter>Header Files\helpers</Filter>
    </None>
    <None Include="problems_01-08-2023_11-55-04.json">
      <Filter>Header Files\helpers</Filter>
    </None>
  </ItemGroup>
</Project>